
Microsoft Visual Studio Solution File, Format Version 12.00
# Visual Studio Version 16
VisualStudioVersion = 16.0.30204.135
MinimumVisualStudioVersion = 10.0.40219.1
Project("{9A19103F-16F7-4668-BE54-9A1E7A4F7556}") = "TestCacheServices", "TestCacheServices\TestCacheServices.csproj", "{19E79CD7-866A-4A58-B4BF-6A8D54F645DC}"
EndProject
Global
	GlobalSection(SolutionConfigurationPlatforms) = preSolution
		Debug|Any CPU = Debug|Any CPU
		Release|Any CPU = Release|Any CPU
	EndGlobalSection
	GlobalSection(ProjectConfigurationPlatforms) = postSolution
		{19E79CD7-866A-4A58-B4BF-6A8D54F645DC}.Debug|Any CPU.ActiveCfg = Debug|Any CPU
		{19E79CD7-866A-4A58-B4BF-6A8D54F645DC}.Debug|Any CPU.Build.0 = Debug|Any CPU
		{19E79CD7-866A-4A58-B4BF-6A8D54F645DC}.Release|Any CPU.ActiveCfg = Release|Any CPU
		{19E79CD7-866A-4A58-B4BF-6A8D54F645DC}.Release|Any CPU.Build.0 = Release|Any CPU
	EndGlobalSection
	GlobalSection(SolutionProperties) = preSolution
		HideSolutionNode = FALSE
	EndGlobalSection
	GlobalSection(ExtensibilityGlobals) = postSolution
		SolutionGuid = {09A02BA1-03DE-4225-9BEA-CF4E8954FE45}
	EndGlobalSection
EndGlobal
